<?xml version="1.0" encoding="utf-8"?>
<Project ToolsVersion="4.0" xmlns="http://schemas.microsoft.com/developer/msbuild/2003">
  <ItemGroup>
    <ClCompile Include="ConsoleManager.cpp">
      <Filter>ConsoleUI</Filter>
    </ClCompile>
    <ClCompile Include="main.cpp">
      <Filter>ConsoleUI</Filter>
    </ClCompile>
    <ClCompile Include="MainConsole.cpp">
      <Filter>ConsoleUI</Filter>
    </ClCompile>
    <ClCompile Include="AConsole.cpp">
      <Filter>ConsoleUI</Filter>
    </ClCompile>
    <ClCompile Include="BaseScreen.cpp">
      <Filter>ConsoleUI</Filter>
    </ClCompile>
    <ClCompile Include="Process.cpp">
      <Filter>ConsoleUI</Filter>
    </ClCompile>
    <ClCompile Include="ScheduleWorker.cpp">
      <Filter>ConsoleUI</Filter>
    </ClCompile>
    <ClCompile Include="FileWrite.cpp" />
    <ClCompile Include="CommandExecuter.cpp">
      <Filter>ConsoleUI</Filter>
    </ClCompile>
  </ItemGroup>
  <ItemGroup>
    <Filter Include="ConsoleUI">
      <UniqueIdentifier>{0244e4f7-19fd-4f09-809b-b102afe18f7d}</UniqueIdentifier>
    </Filter>
  </ItemGroup>
  <ItemGroup>
    <ClInclude Include="ConsoleManager.h">
      <Filter>ConsoleUI</Filter>
    </ClInclude>
    <ClInclude Include="MainConsole.h">
      <Filter>ConsoleUI</Filter>
    </ClInclude>
    <ClInclude Include="BaseScreen.h">
      <Filter>ConsoleUI</Filter>
    </ClInclude>
    <ClInclude Include="AConsole.h">
      <Filter>ConsoleUI</Filter>
    </ClInclude>
    <ClInclude Include="TypedefRepo.h">
      <Filter>ConsoleUI</Filter>
    </ClInclude>
    <ClInclude Include="Process.h">
      <Filter>ConsoleUI</Filter>
    </ClInclude>
    <ClInclude Include="ScheduleWorker.h">
      <Filter>ConsoleUI</Filter>
    </ClInclude>
    <ClInclude Include="FileWrite.h" />
    <ClInclude Include="CommandExecuter.h">
      <Filter>ConsoleUI</Filter>
    </ClInclude>
  </ItemGroup>
</Project>